// !$*UTF8*$!
{
	archiveVersion = 1;
	classes = {
	};
	objectVersion = 56;
	objects = {

/* Begin PBXBuildFile section */
		A82DD76129AE680B008AA3DC /* AppDelegate.swift in Sources */ = {isa = PBXBuildFile; fileRef = A82DD76029AE680B008AA3DC /* AppDelegate.swift */; };
		A82DD76329AE680B008AA3DC /* SceneDelegate.swift in Sources */ = {isa = PBXBuildFile; fileRef = A82DD76229AE680B008AA3DC /* SceneDelegate.swift */; };
		A82DD76529AE680B008AA3DC /* WeatherViewController.swift in Sources */ = {isa = PBXBuildFile; fileRef = A82DD76429AE680B008AA3DC /* WeatherViewController.swift */; };
		A82DD76829AE680B008AA3DC /* Main.storyboard in Resources */ = {isa = PBXBuildFile; fileRef = A82DD76629AE680B008AA3DC /* Main.storyboard */; };
		A82DD76A29AE6814008AA3DC /* Assets.xcassets in Resources */ = {isa = PBXBuildFile; fileRef = A82DD76929AE6814008AA3DC /* Assets.xcassets */; };
		A82DD76D29AE6814008AA3DC /* LaunchScreen.storyboard in Resources */ = {isa = PBXBuildFile; fileRef = A82DD76B29AE6814008AA3DC /* LaunchScreen.storyboard */; };
		A82DD79829AE9EE5008AA3DC /* WeatherManager.swift in Sources */ = {isa = PBXBuildFile; fileRef = A82DD79729AE9EE5008AA3DC /* WeatherManager.swift */; };
		A82DD79B29AE9F2B008AA3DC /* WeatherData.swift in Sources */ = {isa = PBXBuildFile; fileRef = A82DD79A29AE9F2B008AA3DC /* WeatherData.swift */; };
		A82DD79D29AE9F43008AA3DC /* WeatherModel.swift in Sources */ = {isa = PBXBuildFile; fileRef = A82DD79C29AE9F43008AA3DC /* WeatherModel.swift */; };
/* End PBXBuildFile section */

/* Begin PBXContainerItemProxy section */
		A82DD77429AE6815008AA3DC /* PBXContainerItemProxy */ = {
			isa = PBXContainerItemProxy;
			containerPortal = A82DD75529AE680B008AA3DC /* Project object */;
			proxyType = 1;
			remoteGlobalIDString = A82DD75C29AE680B008AA3DC;
			remoteInfo = "Clima App";
		};
		A82DD77E29AE6815008AA3DC /* PBXContainerItemProxy */ = {
			isa = PBXContainerItemProxy;
			containerPortal = A82DD75529AE680B008AA3DC /* Project object */;
			proxyType = 1;
			remoteGlobalIDString = A82DD75C29AE680B008AA3DC;
			remoteInfo = "Clima App";
		};
/* End PBXContainerItemProxy section */

/* Begin PBXFileReference section */
		A82DD75D29AE680B008AA3DC /* Clima App.app */ = {isa = PBXFileReference; explicitFileType = wrapper.application; includeInIndex = 0; path = "Clima App.app"; sourceTree = BUILT_PRODUCTS_DIR; };
		A82DD76029AE680B008AA3DC /* AppDelegate.swift */ = {isa = PBXFileReference; lastKnownFileType = sourcecode.swift; path = AppDelegate.swift; sourceTree = "<group>"; };
		A82DD76229AE680B008AA3DC /* SceneDelegate.swift */ = {isa = PBXFileReference; lastKnownFileType = sourcecode.swift; path = SceneDelegate.swift; sourceTree = "<group>"; };
		A82DD76429AE680B008AA3DC /* WeatherViewController.swift */ = {isa = PBXFileReference; lastKnownFileType = sourcecode.swift; path = WeatherViewController.swift; sourceTree = "<group>"; };
		A82DD76729AE680B008AA3DC /* Base */ = {isa = PBXFileReference; lastKnownFileType = file.storyboard; name = Base; path = Base.lproj/Main.storyboard; sourceTree = "<group>"; };
		A82DD76929AE6814008AA3DC /* Assets.xcassets */ = {isa = PBXFileReference; lastKnownFileType = folder.assetcatalog; path = Assets.xcassets; sourceTree = "<group>"; };
		A82DD76C29AE6814008AA3DC /* Base */ = {isa = PBXFileReference; lastKnownFileType = file.storyboard; name = Base; path = Base.lproj/LaunchScreen.storyboard; sourceTree = "<group>"; };
		A82DD76E29AE6814008AA3DC /* Info.plist */ = {isa = PBXFileReference; lastKnownFileType = text.plist.xml; path = Info.plist; sourceTree = "<group>"; };
		A82DD77329AE6815008AA3DC /* Clima AppTests.xctest */ = {isa = PBXFileReference; explicitFileType = wrapper.cfbundle; includeInIndex = 0; path = "Clima AppTests.xctest"; sourceTree = BUILT_PRODUCTS_DIR; };
		A82DD77D29AE6815008AA3DC /* Clima AppUITests.xctest */ = {isa = PBXFileReference; explicitFileType = wrapper.cfbundle; includeInIndex = 0; path = "Clima AppUITests.xctest"; sourceTree = BUILT_PRODUCTS_DIR; };
		A82DD79729AE9EE5008AA3DC /* WeatherManager.swift */ = {isa = PBXFileReference; lastKnownFileType = sourcecode.swift; path = WeatherManager.swift; sourceTree = "<group>"; };
		A82DD79A29AE9F2B008AA3DC /* WeatherData.swift */ = {isa = PBXFileReference; lastKnownFileType = sourcecode.swift; path = WeatherData.swift; sourceTree = "<group>"; };
		A82DD79C29AE9F43008AA3DC /* WeatherModel.swift */ = {isa = PBXFileReference; lastKnownFileType = sourcecode.swift; path = WeatherModel.swift; sourceTree = "<group>"; };
/* End PBXFileReference section */

/* Begin PBXFrameworksBuildPhase section */
		A82DD75A29AE680B008AA3DC /* Frameworks */ = {
			isa = PBXFrameworksBuildPhase;
			buildActionMask = 2147483647;
			files = (
			);
			runOnlyForDeploymentPostprocessing = 0;
		};
		A82DD77029AE6815008AA3DC /* Frameworks */ = {
			isa = PBXFrameworksBuildPhase;
			buildActionMask = 2147483647;
			files = (
			);
			runOnlyForDeploymentPostprocessing = 0;
		};
		A82DD77A29AE6815008AA3DC /* Frameworks */ = {
			isa = PBXFrameworksBuildPhase;
			buildActionMask = 2147483647;
			files = (
			);
			runOnlyForDeploymentPostprocessing = 0;
		};
/* End PBXFrameworksBuildPhase section */

/* Begin PBXGroup section */
		A82DD75429AE680B008AA3DC = {
			isa = PBXGroup;
			children = (
				A82DD75F29AE680B008AA3DC /* Clima App */,
				A82DD75E29AE680B008AA3DC /* Products */,
			);
			sourceTree = "<group>";
		};
		A82DD75E29AE680B008AA3DC /* Products */ = {
			isa = PBXGroup;
			children = (
				A82DD75D29AE680B008AA3DC /* Clima App.app */,
				A82DD77329AE6815008AA3DC /* Clima AppTests.xctest */,
				A82DD77D29AE6815008AA3DC /* Clima AppUITests.xctest */,
			);
			name = Products;
			sourceTree = "<group>";
		};
		A82DD75F29AE680B008AA3DC /* Clima App */ = {
			isa = PBXGroup;
			children = (
				A82DD76029AE680B008AA3DC /* AppDelegate.swift */,
				A82DD76229AE680B008AA3DC /* SceneDelegate.swift */,
				A82DD79929AE9EFD008AA3DC /* Model */,
				A82DD79629AE7FB7008AA3DC /* View */,
				A82DD79529AE7FA4008AA3DC /* Controller */,
				A82DD76929AE6814008AA3DC /* Assets.xcassets */,
				A82DD76B29AE6814008AA3DC /* LaunchScreen.storyboard */,
				A82DD76E29AE6814008AA3DC /* Info.plist */,
			);
			path = "Clima App";
			sourceTree = "<group>";
		};
		A82DD79529AE7FA4008AA3DC /* Controller */ = {
			isa = PBXGroup;
			children = (
				A82DD76429AE680B008AA3DC /* WeatherViewController.swift */,
			);
			path = Controller;
			sourceTree = "<group>";
		};
		A82DD79629AE7FB7008AA3DC /* View */ = {
			isa = PBXGroup;
			children = (
				A82DD76629AE680B008AA3DC /* Main.storyboard */,
			);
			path = View;
			sourceTree = "<group>";
		};
		A82DD79929AE9EFD008AA3DC /* Model */ = {
			isa = PBXGroup;
			children = (
				A82DD79729AE9EE5008AA3DC /* WeatherManager.swift */,
				A82DD79A29AE9F2B008AA3DC /* WeatherData.swift */,
				A82DD79C29AE9F43008AA3DC /* WeatherModel.swift */,
			);
			path = Model;
			sourceTree = "<group>";
		};
/* End PBXGroup section */

/* Begin PBXNativeTarget section */
		A82DD75C29AE680B008AA3DC /* Clima App */ = {
			isa = PBXNativeTarget;
			buildConfigurationList = A82DD78729AE6815008AA3DC /* Build configuration list for PBXNativeTarget "Clima App" */;
			buildPhases = (
				A82DD75929AE680B008AA3DC /* Sources */,
				A82DD75A29AE680B008AA3DC /* Frameworks */,
				A82DD75B29AE680B008AA3DC /* Resources */,
			);
			buildRules = (
			);
			dependencies = (
			);
			name = "Clima App";
			productName = "Clima App";
			productReference = A82DD75D29AE680B008AA3DC /* Clima App.app */;
			productType = "com.apple.product-type.application";
		};
		A82DD77229AE6815008AA3DC /* Clima AppTests */ = {
			isa = PBXNativeTarget;
			buildConfigurationList = A82DD78A29AE6815008AA3DC /* Build configuration list for PBXNativeTarget "Clima AppTests" */;
			buildPhases = (
				A82DD76F29AE6815008AA3DC /* Sources */,
				A82DD77029AE6815008AA3DC /* Frameworks */,
				A82DD77129AE6815008AA3DC /* Resources */,
			);
			buildRules = (
			);
			dependencies = (
				A82DD77529AE6815008AA3DC /* PBXTargetDependency */,
			);
			name = "Clima AppTests";
			productName = "Clima AppTests";
			productReference = A82DD77329AE6815008AA3DC /* Clima AppTests.xctest */;
			productType = "com.apple.product-type.bundle.unit-test";
		};
		A82DD77C29AE6815008AA3DC /* Clima AppUITests */ = {
			isa = PBXNativeTarget;
			buildConfigurationList = A82DD78D29AE6815008AA3DC /* Build configuration list for PBXNativeTarget "Clima AppUITests" */;
			buildPhases = (
				A82DD77929AE6815008AA3DC /* Sources */,
				A82DD77A29AE6815008AA3DC /* Frameworks */,
				A82DD77B29AE6815008AA3DC /* Resources */,
			);
			buildRules = (
			);
			dependencies = (
				A82DD77F29AE6815008AA3DC /* PBXTargetDependency */,
			);
			name = "Clima AppUITests";
			productName = "Clima AppUITests";
			productReference = A82DD77D29AE6815008AA3DC /* Clima AppUITests.xctest */;
			productType = "com.apple.product-type.bundle.ui-testing";
		};
/* End PBXNativeTarget section */

/* Begin PBXProject section */
		A82DD75529AE680B008AA3DC /* Project object */ = {
			isa = PBXProject;
			attributes = {
				BuildIndependentTargetsInParallel = 1;
				LastSwiftUpdateCheck = 1420;
				LastUpgradeCheck = 1420;
				TargetAttributes = {
					A82DD75C29AE680B008AA3DC = {
						CreatedOnToolsVersion = 14.2;
					};
					A82DD77229AE6815008AA3DC = {
						CreatedOnToolsVersion = 14.2;
						TestTargetID = A82DD75C29AE680B008AA3DC;
					};
					A82DD77C29AE6815008AA3DC = {
						CreatedOnToolsVersion = 14.2;
						TestTargetID = A82DD75C29AE680B008AA3DC;
					};
				};
			};
			buildConfigurationList = A82DD75829AE680B008AA3DC /* Build configuration list for PBXProject "Clima App" */;
			compatibilityVersion = "Xcode 14.0";
			developmentRegion = en;
			hasScannedForEncodings = 0;
			knownRegions = (
				en,
				Base,
			);
			mainGroup = A82DD75429AE680B008AA3DC;
			productRefGroup = A82DD75E29AE680B008AA3DC /* Products */;
			projectDirPath = "";
			projectRoot = "";
			targets = (
				A82DD75C29AE680B008AA3DC /* Clima App */,
				A82DD77229AE6815008AA3DC /* Clima AppTests */,
				A82DD77C29AE6815008AA3DC /* Clima AppUITests */,
			);
		};
/* End PBXProject section */

/* Begin PBXResourcesBuildPhase section */
		A82DD75B29AE680B008AA3DC /* Resources */ = {
			isa = PBXResourcesBuildPhase;
			buildActionMask = 2147483647;
			files = (
				A82DD76D29AE6814008AA3DC /* LaunchScreen.storyboard in Resources */,
				A82DD76A29AE6814008AA3DC /* Assets.xcassets in Resources */,
				A82DD76829AE680B008AA3DC /* Main.storyboard in Resources */,
			);
			runOnlyForDeploymentPostprocessing = 0;
		};
		A82DD77129AE6815008AA3DC /* Resources */ = {
			isa = PBXResourcesBuildPhase;
			buildActionMask = 2147483647;
			files = (
			);
			runOnlyForDeploymentPostprocessing = 0;
		};
		A82DD77B29AE6815008AA3DC /* Resources */ = {
			isa = PBXResourcesBuildPhase;
			buildActionMask = 2147483647;
			files = (
			);
			runOnlyForDeploymentPostprocessing = 0;
		};
/* End PBXResourcesBuildPhase section */

/* Begin PBXSourcesBuildPhase section */
		A82DD75929AE680B008AA3DC /* Sources */ = {
			isa = PBXSourcesBuildPhase;
			buildActionMask = 2147483647;
			files = (
				A82DD76529AE680B008AA3DC /* WeatherViewController.swift in Sources */,
				A82DD79B29AE9F2B008AA3DC /* WeatherData.swift in Sources */,
				A82DD76129AE680B008AA3DC /* AppDelegate.swift in Sources */,
				A82DD79829AE9EE5008AA3DC /* WeatherManager.swift in Sources */,
				A82DD79D29AE9F43008AA3DC /* WeatherModel.swift in Sources */,
				A82DD76329AE680B008AA3DC /* SceneDelegate.swift in Sources */,
			);
			runOnlyForDeploymentPostprocessing = 0;
		};
		A82DD76F29AE6815008AA3DC /* Sources */ = {
			isa = PBXSourcesBuildPhase;
			buildActionMask = 2147483647;
			files = (
			);
			runOnlyForDeploymentPostprocessing = 0;
		};
		A82DD77929AE6815008AA3DC /* Sources */ = {
			isa = PBXSourcesBuildPhase;
			buildActionMask = 2147483647;
			files = (
			);
			runOnlyForDeploymentPostprocessing = 0;
		};
/* End PBXSourcesBuildPhase section */

/* Begin PBXTargetDependency section */
		A82DD77529AE6815008AA3DC /* PBXTargetDependency */ = {
			isa = PBXTargetDependency;
			target = A82DD75C29AE680B008AA3DC /* Clima App */;
			targetProxy = A82DD77429AE6815008AA3DC /* PBXContainerItemProxy */;
		};
		A82DD77F29AE6815008AA3DC /* PBXTargetDependency */ = {
			isa = PBXTargetDependency;
			target = A82DD75C29AE680B008AA3DC /* Clima App */;
			targetProxy = A82DD77E29AE6815008AA3DC /* PBXContainerItemProxy */;
		};
/* End PBXTargetDependency section */

/* Begin PBXVariantGroup section */
		A82DD76629AE680B008AA3DC /* Main.storyboard */ = {
			isa = PBXVariantGroup;
			children = (
				A82DD76729AE680B008AA3DC /* Base */,
			);
			name = Main.storyboard;
			sourceTree = "<group>";
		};
		A82DD76B29AE6814008AA3DC /* LaunchScreen.storyboard */ = {
			isa = PBXVariantGroup;
			children = (
				A82DD76C29AE6814008AA3DC /* Base */,
			);
			name = LaunchScreen.storyboard;
			sourceTree = "<group>";
		};
/* End PBXVariantGroup section */

/* Begin XCBuildConfiguration section */
		A82DD78529AE6815008AA3DC /* Debug */ = {
			isa = XCBuildConfiguration;
			buildSettings = {
				ALWAYS_SEARCH_USER_PATHS = NO;
				CLANG_ANALYZER_NONNULL = YES;
				CLANG_ANALYZER_NUMBER_OBJECT_CONVERSION = YES_AGGRESSIVE;
				CLANG_CXX_LANGUAGE_STANDARD = "gnu++20";
				CLANG_ENABLE_MODULES = YES;
				CLANG_ENABLE_OBJC_ARC = YES;
				CLANG_ENABLE_OBJC_WEAK = YES;
				CLANG_WARN_BLOCK_CAPTURE_AUTORELEASING = YES;
				CLANG_WARN_BOOL_CONVERSION = YES;
				CLANG_WARN_COMMA = YES;
				CLANG_WARN_CONSTANT_CONVERSION = YES;
				CLANG_WARN_DEPRECATED_OBJC_IMPLEMENTATIONS = YES;
				CLANG_WARN_DIRECT_OBJC_ISA_USAGE = YES_ERROR;
				CLANG_WARN_DOCUMENTATION_COMMENTS = YES;
				CLANG_WARN_EMPTY_BODY = YES;
				CLANG_WARN_ENUM_CONVERSION = YES;
				CLANG_WARN_INFINITE_RECURSION = YES;
				CLANG_WARN_INT_CONVERSION = YES;
				CLANG_WARN_NON_LITERAL_NULL_CONVERSION = YES;
				CLANG_WARN_OBJC_IMPLICIT_RETAIN_SELF = YES;
				CLANG_WARN_OBJC_LITERAL_CONVERSION = YES;
				CLANG_WARN_OBJC_ROOT_CLASS = YES_ERROR;
				CLANG_WARN_QUOTED_INCLUDE_IN_FRAMEWORK_HEADER = YES;
				CLANG_WARN_RANGE_LOOP_ANALYSIS = YES;
				CLANG_WARN_STRICT_PROTOTYPES = YES;
				CLANG_WARN_SUSPICIOUS_MOVE = YES;
				CLANG_WARN_UNGUARDED_AVAILABILITY = YES_AGGRESSIVE;
				CLANG_WARN_UNREACHABLE_CODE = YES;
				CLANG_WARN__DUPLICATE_METHOD_MATCH = YES;
				COPY_PHASE_STRIP = NO;
				DEBUG_INFORMATION_FORMAT = dwarf;
				ENABLE_STRICT_OBJC_MSGSEND = YES;
				ENABLE_TESTABILITY = YES;
				GCC_C_LANGUAGE_STANDARD = gnu11;
				GCC_DYNAMIC_NO_PIC = NO;
				GCC_NO_COMMON_BLOCKS = YES;
				GCC_OPTIMIZATION_LEVEL = 0;
				GCC_PREPROCESSOR_DEFINITIONS = (
					"DEBUG=1",
					"$(inherited)",
				);
				GCC_WARN_64_TO_32_BIT_CONVERSION = YES;
				GCC_WARN_ABOUT_RETURN_TYPE = YES_ERROR;
				GCC_WARN_UNDECLARED_SELECTOR = YES;
				GCC_WARN_UNINITIALIZED_AUTOS = YES_AGGRESSIVE;
				GCC_WARN_UNUSED_FUNCTION = YES;
				GCC_WARN_UNUSED_VARIABLE = YES;
				IPHONEOS_DEPLOYMENT_TARGET = 16.2;
				MTL_ENABLE_DEBUG_INFO = INCLUDE_SOURCE;
				MTL_FAST_MATH = YES;
				ONLY_ACTIVE_ARCH = YES;
				SDKROOT = iphoneos;
				SWIFT_ACTIVE_COMPILATION_CONDITIONS = DEBUG;
				SWIFT_OPTIMIZATION_LEVEL = "-Onone";
			};
			name = Debug;
		};
		A82DD78629AE6815008AA3DC /* Release */ = {
			isa = XCBuildConfiguration;
			buildSettings = {
				ALWAYS_SEARCH_USER_PATHS = NO;
				CLANG_ANALYZER_NONNULL = YES;
				CLANG_ANALYZER_NUMBER_OBJECT_CONVERSION = YES_AGGRESSIVE;
				CLANG_CXX_LANGUAGE_STANDARD = "gnu++20";
				CLANG_ENABLE_MODULES = YES;
				CLANG_ENABLE_OBJC_ARC = YES;
				CLANG_ENABLE_OBJC_WEAK = YES;
				CLANG_WARN_BLOCK_CAPTURE_AUTORELEASING = YES;
				CLANG_WARN_BOOL_CONVERSION = YES;
				CLANG_WARN_COMMA = YES;
				CLANG_WARN_CONSTANT_CONVERSION = YES;
				CLANG_WARN_DEPRECATED_OBJC_IMPLEMENTATIONS = YES;
				CLANG_WARN_DIRECT_OBJC_ISA_USAGE = YES_ERROR;
				CLANG_WARN_DOCUMENTATION_COMMENTS = YES;
				CLANG_WARN_EMPTY_BODY = YES;
				CLANG_WARN_ENUM_CONVERSION = YES;
				CLANG_WARN_INFINITE_RECURSION = YES;
				CLANG_WARN_INT_CONVERSION = YES;
				CLANG_WARN_NON_LITERAL_NULL_CONVERSION = YES;
				CLANG_WARN_OBJC_IMPLICIT_RETAIN_SELF = YES;
				CLANG_WARN_OBJC_LITERAL_CONVERSION = YES;
				CLANG_WARN_OBJC_ROOT_CLASS = YES_ERROR;
				CLANG_WARN_QUOTED_INCLUDE_IN_FRAMEWORK_HEADER = YES;
				CLANG_WARN_RANGE_LOOP_ANALYSIS = YES;
				CLANG_WARN_STRICT_PROTOTYPES = YES;
				CLANG_WARN_SUSPICIOUS_MOVE = YES;
				CLANG_WARN_UNGUARDED_AVAILABILITY = YES_AGGRESSIVE;
				CLANG_WARN_UNREACHABLE_CODE = YES;
				CLANG_WARN__DUPLICATE_METHOD_MATCH = YES;
				COPY_PHASE_STRIP = NO;
				DEBUG_INFORMATION_FORMAT = "dwarf-with-dsym";
				ENABLE_NS_ASSERTIONS = NO;
				ENABLE_STRICT_OBJC_MSGSEND = YES;
				GCC_C_LANGUAGE_STANDARD = gnu11;
				GCC_NO_COMMON_BLOCKS = YES;
				GCC_WARN_64_TO_32_BIT_CONVERSION = YES;
				GCC_WARN_ABOUT_RETURN_TYPE = YES_ERROR;
				GCC_WARN_UNDECLARED_SELECTOR = YES;
				GCC_WARN_UNINITIALIZED_AUTOS = YES_AGGRESSIVE;
				GCC_WARN_UNUSED_FUNCTION = YES;
				GCC_WARN_UNUSED_VARIABLE = YES;
				IPHONEOS_DEPLOYMENT_TARGET = 16.2;
				MTL_ENABLE_DEBUG_INFO = NO;
				MTL_FAST_MATH = YES;
				SDKROOT = iphoneos;
				SWIFT_COMPILATION_MODE = wholemodule;
				SWIFT_OPTIMIZATION_LEVEL = "-O";
				VALIDATE_PRODUCT = YES;
			};
			name = Release;
		};
		A82DD78829AE6815008AA3DC /* Debug */ = {
			isa = XCBuildConfiguration;
			buildSettings = {
				ASSETCATALOG_COMPILER_APPICON_NAME = AppIcon;
				ASSETCATALOG_COMPILER_GLOBAL_ACCENT_COLOR_NAME = AccentColor;
				CODE_SIGN_STYLE = Automatic;
				CURRENT_PROJECT_VERSION = 1;
				GENERATE_INFOPLIST_FILE = YES;
				INFOPLIST_FILE = "Clima App/Info.plist";
				INFOPLIST_KEY_UIApplicationSupportsIndirectInputEvents = YES;
				INFOPLIST_KEY_UILaunchStoryboardName = LaunchScreen;
				INFOPLIST_KEY_UIMainStoryboardFile = Main;
				INFOPLIST_KEY_UISupportedInterfaceOrientations_iPad = "UIInterfaceOrientationPortrait UIInterfaceOrientationPortraitUpsideDown UIInterfaceOrientationLandscapeLeft UIInterfaceOrientationLandscapeRight";
				INFOPLIST_KEY_UISupportedInterfaceOrientations_iPhone = "UIInterfaceOrientationPortrait UIInterfaceOrientationLandscapeLeft UIInterfaceOrientationLandscapeRight";
				LD_RUNPATH_SEARCH_PATHS = (
					"$(inherited)",
					"@executable_path/Frameworks",
				);
				MARKETING_VERSION = 1.0;
				PRODUCT_BUNDLE_IDENTIFIER = "com.lonewolfnadhu.Clima-App";
				PRODUCT_NAME = "$(TARGET_NAME)";
				SWIFT_EMIT_LOC_STRINGS = YES;
				SWIFT_VERSION = 5.0;
				TARGETED_DEVICE_FAMILY = "1,2";
			};
			name = Debug;
		};
		A82DD78929AE6815008AA3DC /* Release */ = {
			isa = XCBuildConfiguration;
			buildSettings = {
				ASSETCATALOG_COMPILER_APPICON_NAME = AppIcon;
				ASSETCATALOG_COMPILER_GLOBAL_ACCENT_COLOR_NAME = AccentColor;
				CODE_SIGN_STYLE = Automatic;
				CURRENT_PROJECT_VERSION = 1;
				GENERATE_INFOPLIST_FILE = YES;
				INFOPLIST_FILE = "Clima App/Info.plist";
				INFOPLIST_KEY_UIApplicationSupportsIndirectInputEvents = YES;
				INFOPLIST_KEY_UILaunchStoryboardName = LaunchScreen;
				INFOPLIST_KEY_UIMainStoryboardFile = Main;
				INFOPLIST_KEY_UISupportedInterfaceOrientations_iPad = "UIInterfaceOrientationPortrait UIInterfaceOrientationPortraitUpsideDown UIInterfaceOrientationLandscapeLeft UIInterfaceOrientationLandscapeRight";
				INFOPLIST_KEY_UISupportedInterfaceOrientations_iPhone = "UIInterfaceOrientationPortrait UIInterfaceOrientationLandscapeLeft UIInterfaceOrientationLandscapeRight";
				LD_RUNPATH_SEARCH_PATHS = (
					"$(inherited)",
					"@executable_path/Frameworks",
				);
				MARKETING_VERSION = 1.0;
				PRODUCT_BUNDLE_IDENTIFIER = "com.lonewolfnadhu.Clima-App";
				PRODUCT_NAME = "$(TARGET_NAME)";
				SWIFT_EMIT_LOC_STRINGS = YES;
				SWIFT_VERSION = 5.0;
				TARGETED_DEVICE_FAMILY = "1,2";
			};
			name = Release;
		};
		A82DD78B29AE6815008AA3DC /* Debug */ = {
			isa = XCBuildConfiguration;
			buildSettings = {
				ALWAYS_EMBED_SWIFT_STANDARD_LIBRARIES = YES;
				BUNDLE_LOADER = "$(TEST_HOST)";
				CODE_SIGN_STYLE = Automatic;
				CURRENT_PROJECT_VERSION = 1;
				GENERATE_INFOPLIST_FILE = YES;
				IPHONEOS_DEPLOYMENT_TARGET = 16.2;
				MARKETING_VERSION = 1.0;
				PRODUCT_BUNDLE_IDENTIFIER = "com.lonewolfnadhu.Clima-AppTests";
				PRODUCT_NAME = "$(TARGET_NAME)";
				SWIFT_EMIT_LOC_STRINGS = NO;
				SWIFT_VERSION = 5.0;
				TARGETED_DEVICE_FAMILY = "1,2";
				TEST_HOST = "$(BUILT_PRODUCTS_DIR)/Clima App.app/$(BUNDLE_EXECUTABLE_FOLDER_PATH)/Clima App";
			};
			name = Debug;
		};
		A82DD78C29AE6815008AA3DC /* Release */ = {
			isa = XCBuildConfiguration;
			buildSettings = {
				ALWAYS_EMBED_SWIFT_STANDARD_LIBRARIES = YES;
				BUNDLE_LOADER = "$(TEST_HOST)";
				CODE_SIGN_STYLE = Automatic;
				CURRENT_PROJECT_VERSION = 1;
				GENERATE_INFOPLIST_FILE = YES;
				IPHONEOS_DEPLOYMENT_TARGET = 16.2;
				MARKETING_VERSION = 1.0;
				PRODUCT_BUNDLE_IDENTIFIER = "com.lonewolfnadhu.Clima-AppTests";
				PRODUCT_NAME = "$(TARGET_NAME)";
				SWIFT_EMIT_LOC_STRINGS = NO;
				SWIFT_VERSION = 5.0;
				TARGETED_DEVICE_FAMILY = "1,2";
				TEST_HOST = "$(BUILT_PRODUCTS_DIR)/Clima App.app/$(BUNDLE_EXECUTABLE_FOLDER_PATH)/Clima App";
			};
			name = Release;
		};
		A82DD78E29AE6815008AA3DC /* Debug */ = {
			isa = XCBuildConfiguration;
			buildSettings = {
				ALWAYS_EMBED_SWIFT_STANDARD_LIBRARIES = YES;
				CODE_SIGN_STYLE = Automatic;
				CURRENT_PROJECT_VERSION = 1;
				GENERATE_INFOPLIST_FILE = YES;
				MARKETING_VERSION = 1.0;
				PRODUCT_BUNDLE_IDENTIFIER = "com.lonewolfnadhu.Clima-AppUITests";
				PRODUCT_NAME = "$(TARGET_NAME)";
				SWIFT_EMIT_LOC_STRINGS = NO;
				SWIFT_VERSION = 5.0;
				TARGETED_DEVICE_FAMILY = "1,2";
				TEST_TARGET_NAME = "Clima App";
			};
			name = Debug;
		};
		A82DD78F29AE6815008AA3DC /* Release */ = {
			isa = XCBuildConfiguration;
			buildSettings = {
				ALWAYS_EMBED_SWIFT_STANDARD_LIBRARIES = YES;
				CODE_SIGN_STYLE = Automatic;
				CURRENT_PROJECT_VERSION = 1;
				GENERATE_INFOPLIST_FILE = YES;
				MARKETING_VERSION = 1.0;
				PRODUCT_BUNDLE_IDENTIFIER = "com.lonewolfnadhu.Clima-AppUITests";
				PRODUCT_NAME = "$(TARGET_NAME)";
				SWIFT_EMIT_LOC_STRINGS = NO;
				SWIFT_VERSION = 5.0;
				TARGETED_DEVICE_FAMILY = "1,2";
				TEST_TARGET_NAME = "Clima App";
			};
			name = Release;
		};
/* End XCBuildConfiguration section */

/* Begin XCConfigurationList section */
		A82DD75829AE680B008AA3DC /* Build configuration list for PBXProject "Clima App" */ = {
			isa = XCConfigurationList;
			buildConfigurations = (
				A82DD78529AE6815008AA3DC /* Debug */,
				A82DD78629AE6815008AA3DC /* Release */,
			);
			defaultConfigurationIsVisible = 0;
			defaultConfigurationName = Release;
		};
		A82DD78729AE6815008AA3DC /* Build configuration list for PBXNativeTarget "Clima App" */ = {
			isa = XCConfigurationList;
			buildConfigurations = (
				A82DD78829AE6815008AA3DC /* Debug */,
				A82DD78929AE6815008AA3DC /* Release */,
			);
			defaultConfigurationIsVisible = 0;
			defaultConfigurationName = Release;
		};
		A82DD78A29AE6815008AA3DC /* Build configuration list for PBXNativeTarget "Clima AppTests" */ = {
			isa = XCConfigurationList;
			buildConfigurations = (
				A82DD78B29AE6815008AA3DC /* Debug */,
				A82DD78C29AE6815008AA3DC /* Release */,
			);
			defaultConfigurationIsVisible = 0;
			defaultConfigurationName = Release;
		};
		A82DD78D29AE6815008AA3DC /* Build configuration list for PBXNativeTarget "Clima AppUITests" */ = {
			isa = XCConfigurationList;
			buildConfigurations = (
				A82DD78E29AE6815008AA3DC /* Debug */,
				A82DD78F29AE6815008AA3DC /* Release */,
			);
			defaultConfigurationIsVisible = 0;
			defaultConfigurationName = Release;
		};
/* End XCConfigurationList section */
	};
	rootObject = A82DD75529AE680B008AA3DC /* Project object */;
}
